
Microsoft Visual Studio Solution File, Format Version 12.00
# Visual Studio Version 16
VisualStudioVersion = 16.0.29806.167
MinimumVisualStudioVersion = 10.0.40219.1
Project("{FAE04EC0-301F-11D3-BF4B-00C04F79EFBC}") = "Delegados", "Delegados\Delegados.csproj", "{A3CA5435-0A1C-456A-8EF5-47EBB8631359}"
EndProject
Global
	GlobalSection(SolutionConfigurationPlatforms) = preSolution
		Debug|Any CPU = Debug|Any CPU
		Release|Any CPU = Release|Any CPU
	EndGlobalSection
	GlobalSection(ProjectConfigurationPlatforms) = postSolution
		{A3CA5435-0A1C-456A-8EF5-47EBB8631359}.Debug|Any CPU.ActiveCfg = Debug|Any CPU
		{A3CA5435-0A1C-456A-8EF5-47EBB8631359}.Debug|Any CPU.Build.0 = Debug|Any CPU
		{A3CA5435-0A1C-456A-8EF5-47EBB8631359}.Release|Any CPU.ActiveCfg = Release|Any CPU
		{A3CA5435-0A1C-456A-8EF5-47EBB8631359}.Release|Any CPU.Build.0 = Release|Any CPU
	EndGlobalSection
	GlobalSection(SolutionProperties) = preSolution
		HideSolutionNode = FALSE
	EndGlobalSection
	GlobalSection(ExtensibilityGlobals) = postSolution
		SolutionGuid = {071A4C50-2CB3-4460-8C5C-749BFFD6B6CF}
	EndGlobalSection
EndGlobal
